// !$*UTF8*$!
{
	archiveVersion = 1;
	classes = {
	};
	objectVersion = 55;
	objects = {

/* Begin PBXBuildFile section */
		E748C3492845398B0075BE48 /* AppDelegate.swift in Sources */ = {isa = PBXBuildFile; fileRef = E748C3482845398B0075BE48 /* AppDelegate.swift */; };
		E748C34B2845398B0075BE48 /* SceneDelegate.swift in Sources */ = {isa = PBXBuildFile; fileRef = E748C34A2845398B0075BE48 /* SceneDelegate.swift */; };
		E748C34D2845398B0075BE48 /* ViewController.swift in Sources */ = {isa = PBXBuildFile; fileRef = E748C34C2845398B0075BE48 /* ViewController.swift */; };
		E748C3502845398B0075BE48 /* Main.storyboard in Resources */ = {isa = PBXBuildFile; fileRef = E748C34E2845398B0075BE48 /* Main.storyboard */; };
		E748C3522845398F0075BE48 /* Assets.xcassets in Resources */ = {isa = PBXBuildFile; fileRef = E748C3512845398F0075BE48 /* Assets.xcassets */; };
		E748C3552845398F0075BE48 /* LaunchScreen.storyboard in Resources */ = {isa = PBXBuildFile; fileRef = E748C3532845398F0075BE48 /* LaunchScreen.storyboard */; };
		E748C3602845398F0075BE48 /* calcTests.swift in Sources */ = {isa = PBXBuildFile; fileRef = E748C35F2845398F0075BE48 /* calcTests.swift */; };
		E748C36A2845398F0075BE48 /* calcUITests.swift in Sources */ = {isa = PBXBuildFile; fileRef = E748C3692845398F0075BE48 /* calcUITests.swift */; };
		E748C36C2845398F0075BE48 /* calcUITestsLaunchTests.swift in Sources */ = {isa = PBXBuildFile; fileRef = E748C36B2845398F0075BE48 /* calcUITestsLaunchTests.swift */; };
/* End PBXBuildFile section */

/* Begin PBXContainerItemProxy section */
		E748C35C2845398F0075BE48 /* PBXContainerItemProxy */ = {
			isa = PBXContainerItemProxy;
			containerPortal = E748C33D2845398B0075BE48 /* Project object */;
			proxyType = 1;
			remoteGlobalIDString = E748C3442845398B0075BE48;
			remoteInfo = calc;
		};
		E748C3662845398F0075BE48 /* PBXContainerItemProxy */ = {
			isa = PBXContainerItemProxy;
			containerPortal = E748C33D2845398B0075BE48 /* Project object */;
			proxyType = 1;
			remoteGlobalIDString = E748C3442845398B0075BE48;
			remoteInfo = calc;
		};
/* End PBXContainerItemProxy section */

/* Begin PBXFileReference section */
		E748C3452845398B0075BE48 /* calc.app */ = {isa = PBXFileReference; explicitFileType = wrapper.application; includeInIndex = 0; path = calc.app; sourceTree = BUILT_PRODUCTS_DIR; };
		E748C3482845398B0075BE48 /* AppDelegate.swift */ = {isa = PBXFileReference; lastKnownFileType = sourcecode.swift; path = AppDelegate.swift; sourceTree = "<group>"; };
		E748C34A2845398B0075BE48 /* SceneDelegate.swift */ = {isa = PBXFileReference; lastKnownFileType = sourcecode.swift; path = SceneDelegate.swift; sourceTree = "<group>"; };
		E748C34C2845398B0075BE48 /* ViewController.swift */ = {isa = PBXFileReference; lastKnownFileType = sourcecode.swift; path = ViewController.swift; sourceTree = "<group>"; };
		E748C34F2845398B0075BE48 /* Base */ = {isa = PBXFileReference; lastKnownFileType = file.storyboard; name = Base; path = Base.lproj/Main.storyboard; sourceTree = "<group>"; };
		E748C3512845398F0075BE48 /* Assets.xcassets */ = {isa = PBXFileReference; lastKnownFileType = folder.assetcatalog; path = Assets.xcassets; sourceTree = "<group>"; };
		E748C3542845398F0075BE48 /* Base */ = {isa = PBXFileReference; lastKnownFileType = file.storyboard; name = Base; path = Base.lproj/LaunchScreen.storyboard; sourceTree = "<group>"; };
		E748C3562845398F0075BE48 /* Info.plist */ = {isa = PBXFileReference; lastKnownFileType = text.plist.xml; path = Info.plist; sourceTree = "<group>"; };
		E748C35B2845398F0075BE48 /* calcTests.xctest */ = {isa = PBXFileReference; explicitFileType = wrapper.cfbundle; includeInIndex = 0; path = calcTests.xctest; sourceTree = BUILT_PRODUCTS_DIR; };
		E748C35F2845398F0075BE48 /* calcTests.swift */ = {isa = PBXFileReference; lastKnownFileType = sourcecode.swift; path = calcTests.swift; sourceTree = "<group>"; };
		E748C3652845398F0075BE48 /* calcUITests.xctest */ = {isa = PBXFileReference; explicitFileType = wrapper.cfbundle; includeInIndex = 0; path = calcUITests.xctest; sourceTree = BUILT_PRODUCTS_DIR; };
		E748C3692845398F0075BE48 /* calcUITests.swift */ = {isa = PBXFileReference; lastKnownFileType = sourcecode.swift; path = calcUITests.swift; sourceTree = "<group>"; };
		E748C36B2845398F0075BE48 /* calcUITestsLaunchTests.swift */ = {isa = PBXFileReference; lastKnownFileType = sourcecode.swift; path = calcUITestsLaunchTests.swift; sourceTree = "<group>"; };
/* End PBXFileReference section */

/* Begin PBXFrameworksBuildPhase section */
		E748C3422845398B0075BE48 /* Frameworks */ = {
			isa = PBXFrameworksBuildPhase;
			buildActionMask = 2147483647;
			files = (
			);
			runOnlyForDeploymentPostprocessing = 0;
		};
		E748C3582845398F0075BE48 /* Frameworks */ = {
			isa = PBXFrameworksBuildPhase;
			buildActionMask = 2147483647;
			files = (
			);
			runOnlyForDeploymentPostprocessing = 0;
		};
		E748C3622845398F0075BE48 /* Frameworks */ = {
			isa = PBXFrameworksBuildPhase;
			buildActionMask = 2147483647;
			files = (
			);
			runOnlyForDeploymentPostprocessing = 0;
		};
/* End PBXFrameworksBuildPhase section */

/* Begin PBXGroup section */
		E748C33C2845398B0075BE48 = {
			isa = PBXGroup;
			children = (
				E748C3472845398B0075BE48 /* calc */,
				E748C35E2845398F0075BE48 /* calcTests */,
				E748C3682845398F0075BE48 /* calcUITests */,
				E748C3462845398B0075BE48 /* Products */,
			);
			sourceTree = "<group>";
		};
		E748C3462845398B0075BE48 /* Products */ = {
			isa = PBXGroup;
			children = (
				E748C3452845398B0075BE48 /* calc.app */,
				E748C35B2845398F0075BE48 /* calcTests.xctest */,
				E748C3652845398F0075BE48 /* calcUITests.xctest */,
			);
			name = Products;
			sourceTree = "<group>";
		};
		E748C3472845398B0075BE48 /* calc */ = {
			isa = PBXGroup;
			children = (
				E748C3482845398B0075BE48 /* AppDelegate.swift */,
				E748C34A2845398B0075BE48 /* SceneDelegate.swift */,
				E748C34C2845398B0075BE48 /* ViewController.swift */,
				E748C34E2845398B0075BE48 /* Main.storyboard */,
				E748C3512845398F0075BE48 /* Assets.xcassets */,
				E748C3532845398F0075BE48 /* LaunchScreen.storyboard */,
				E748C3562845398F0075BE48 /* Info.plist */,
			);
			path = calc;
			sourceTree = "<group>";
		};
		E748C35E2845398F0075BE48 /* calcTests */ = {
			isa = PBXGroup;
			children = (
				E748C35F2845398F0075BE48 /* calcTests.swift */,
			);
			path = calcTests;
			sourceTree = "<group>";
		};
		E748C3682845398F0075BE48 /* calcUITests */ = {
			isa = PBXGroup;
			children = (
				E748C3692845398F0075BE48 /* calcUITests.swift */,
				E748C36B2845398F0075BE48 /* calcUITestsLaunchTests.swift */,
			);
			path = calcUITests;
			sourceTree = "<group>";
		};
/* End PBXGroup section */

/* Begin PBXNativeTarget section */
		E748C3442845398B0075BE48 /* calc */ = {
			isa = PBXNativeTarget;
			buildConfigurationList = E748C36F2845398F0075BE48 /* Build configuration list for PBXNativeTarget "calc" */;
			buildPhases = (
				E748C3412845398B0075BE48 /* Sources */,
				E748C3422845398B0075BE48 /* Frameworks */,
				E748C3432845398B0075BE48 /* Resources */,
			);
			buildRules = (
			);
			dependencies = (
			);
			name = calc;
			productName = calc;
			productReference = E748C3452845398B0075BE48 /* calc.app */;
			productType = "com.apple.product-type.application";
		};
		E748C35A2845398F0075BE48 /* calcTests */ = {
			isa = PBXNativeTarget;
			buildConfigurationList = E748C3722845398F0075BE48 /* Build configuration list for PBXNativeTarget "calcTests" */;
			buildPhases = (
				E748C3572845398F0075BE48 /* Sources */,
				E748C3582845398F0075BE48 /* Frameworks */,
				E748C3592845398F0075BE48 /* Resources */,
			);
			buildRules = (
			);
			dependencies = (
				E748C35D2845398F0075BE48 /* PBXTargetDependency */,
			);
			name = calcTests;
			productName = calcTests;
			productReference = E748C35B2845398F0075BE48 /* calcTests.xctest */;
			productType = "com.apple.product-type.bundle.unit-test";
		};
		E748C3642845398F0075BE48 /* calcUITests */ = {
			isa = PBXNativeTarget;
			buildConfigurationList = E748C3752845398F0075BE48 /* Build configuration list for PBXNativeTarget "calcUITests" */;
			buildPhases = (
				E748C3612845398F0075BE48 /* Sources */,
				E748C3622845398F0075BE48 /* Frameworks */,
				E748C3632845398F0075BE48 /* Resources */,
			);
			buildRules = (
			);
			dependencies = (
				E748C3672845398F0075BE48 /* PBXTargetDependency */,
			);
			name = calcUITests;
			productName = calcUITests;
			productReference = E748C3652845398F0075BE48 /* calcUITests.xctest */;
			productType = "com.apple.product-type.bundle.ui-testing";
		};
/* End PBXNativeTarget section */

/* Begin PBXProject section */
		E748C33D2845398B0075BE48 /* Project object */ = {
			isa = PBXProject;
			attributes = {
				BuildIndependentTargetsInParallel = 1;
				LastSwiftUpdateCheck = 1340;
				LastUpgradeCheck = 1340;
				TargetAttributes = {
					E748C3442845398B0075BE48 = {
						CreatedOnToolsVersion = 13.4;
					};
					E748C35A2845398F0075BE48 = {
						CreatedOnToolsVersion = 13.4;
						TestTargetID = E748C3442845398B0075BE48;
					};
					E748C3642845398F0075BE48 = {
						CreatedOnToolsVersion = 13.4;
						TestTargetID = E748C3442845398B0075BE48;
					};
				};
			};
			buildConfigurationList = E748C3402845398B0075BE48 /* Build configuration list for PBXProject "calc" */;
			compatibilityVersion = "Xcode 13.0";
			developmentRegion = en;
			hasScannedForEncodings = 0;
			knownRegions = (
				en,
				Base,
			);
			mainGroup = E748C33C2845398B0075BE48;
			productRefGroup = E748C3462845398B0075BE48 /* Products */;
			projectDirPath = "";
			projectRoot = "";
			targets = (
				E748C3442845398B0075BE48 /* calc */,
				E748C35A2845398F0075BE48 /* calcTests */,
				E748C3642845398F0075BE48 /* calcUITests */,
			);
		};
/* End PBXProject section */

/* Begin PBXResourcesBuildPhase section */
		E748C3432845398B0075BE48 /* Resources */ = {
			isa = PBXResourcesBuildPhase;
			buildActionMask = 2147483647;
			files = (
				E748C3552845398F0075BE48 /* LaunchScreen.storyboard in Resources */,
				E748C3522845398F0075BE48 /* Assets.xcassets in Resources */,
				E748C3502845398B0075BE48 /* Main.storyboard in Resources */,
			);
			runOnlyForDeploymentPostprocessing = 0;
		};
		E748C3592845398F0075BE48 /* Resources */ = {
			isa = PBXResourcesBuildPhase;
			buildActionMask = 2147483647;
			files = (
			);
			runOnlyForDeploymentPostprocessing = 0;
		};
		E748C3632845398F0075BE48 /* Resources */ = {
			isa = PBXResourcesBuildPhase;
			buildActionMask = 2147483647;
			files = (
			);
			runOnlyForDeploymentPostprocessing = 0;
		};
/* End PBXResourcesBuildPhase section */

/* Begin PBXSourcesBuildPhase section */
		E748C3412845398B0075BE48 /* Sources */ = {
			isa = PBXSourcesBuildPhase;
			buildActionMask = 2147483647;
			files = (
				E748C34D2845398B0075BE48 /* ViewController.swift in Sources */,
				E748C3492845398B0075BE48 /* AppDelegate.swift in Sources */,
				E748C34B2845398B0075BE48 /* SceneDelegate.swift in Sources */,
			);
			runOnlyForDeploymentPostprocessing = 0;
		};
		E748C3572845398F0075BE48 /* Sources */ = {
			isa = PBXSourcesBuildPhase;
			buildActionMask = 2147483647;
			files = (
				E748C3602845398F0075BE48 /* calcTests.swift in Sources */,
			);
			runOnlyForDeploymentPostprocessing = 0;
		};
		E748C3612845398F0075BE48 /* Sources */ = {
			isa = PBXSourcesBuildPhase;
			buildActionMask = 2147483647;
			files = (
				E748C36A2845398F0075BE48 /* calcUITests.swift in Sources */,
				E748C36C2845398F0075BE48 /* calcUITestsLaunchTests.swift in Sources */,
			);
			runOnlyForDeploymentPostprocessing = 0;
		};
/* End PBXSourcesBuildPhase section */

/* Begin PBXTargetDependency section */
		E748C35D2845398F0075BE48 /* PBXTargetDependency */ = {
			isa = PBXTargetDependency;
			target = E748C3442845398B0075BE48 /* calc */;
			targetProxy = E748C35C2845398F0075BE48 /* PBXContainerItemProxy */;
		};
		E748C3672845398F0075BE48 /* PBXTargetDependency */ = {
			isa = PBXTargetDependency;
			target = E748C3442845398B0075BE48 /* calc */;
			targetProxy = E748C3662845398F0075BE48 /* PBXContainerItemProxy */;
		};
/* End PBXTargetDependency section */

/* Begin PBXVariantGroup section */
		E748C34E2845398B0075BE48 /* Main.storyboard */ = {
			isa = PBXVariantGroup;
			children = (
				E748C34F2845398B0075BE48 /* Base */,
			);
			name = Main.storyboard;
			sourceTree = "<group>";
		};
		E748C3532845398F0075BE48 /* LaunchScreen.storyboard */ = {
			isa = PBXVariantGroup;
			children = (
				E748C3542845398F0075BE48 /* Base */,
			);
			name = LaunchScreen.storyboard;
			sourceTree = "<group>";
		};
/* End PBXVariantGroup section */

/* Begin XCBuildConfiguration section */
		E748C36D2845398F0075BE48 /* Debug */ = {
			isa = XCBuildConfiguration;
			buildSettings = {
				ALWAYS_SEARCH_USER_PATHS = NO;
				CLANG_ANALYZER_NONNULL = YES;
				CLANG_ANALYZER_NUMBER_OBJECT_CONVERSION = YES_AGGRESSIVE;
				CLANG_CXX_LANGUAGE_STANDARD = "gnu++17";
				CLANG_ENABLE_MODULES = YES;
				CLANG_ENABLE_OBJC_ARC = YES;
				CLANG_ENABLE_OBJC_WEAK = YES;
				CLANG_WARN_BLOCK_CAPTURE_AUTORELEASING = YES;
				CLANG_WARN_BOOL_CONVERSION = YES;
				CLANG_WARN_COMMA = YES;
				CLANG_WARN_CONSTANT_CONVERSION = YES;
				CLANG_WARN_DEPRECATED_OBJC_IMPLEMENTATIONS = YES;
				CLANG_WARN_DIRECT_OBJC_ISA_USAGE = YES_ERROR;
				CLANG_WARN_DOCUMENTATION_COMMENTS = YES;
				CLANG_WARN_EMPTY_BODY = YES;
				CLANG_WARN_ENUM_CONVERSION = YES;
				CLANG_WARN_INFINITE_RECURSION = YES;
				CLANG_WARN_INT_CONVERSION = YES;
				CLANG_WARN_NON_LITERAL_NULL_CONVERSION = YES;
				CLANG_WARN_OBJC_IMPLICIT_RETAIN_SELF = YES;
				CLANG_WARN_OBJC_LITERAL_CONVERSION = YES;
				CLANG_WARN_OBJC_ROOT_CLASS = YES_ERROR;
				CLANG_WARN_QUOTED_INCLUDE_IN_FRAMEWORK_HEADER = YES;
				CLANG_WARN_RANGE_LOOP_ANALYSIS = YES;
				CLANG_WARN_STRICT_PROTOTYPES = YES;
				CLANG_WARN_SUSPICIOUS_MOVE = YES;
				CLANG_WARN_UNGUARDED_AVAILABILITY = YES_AGGRESSIVE;
				CLANG_WARN_UNREACHABLE_CODE = YES;
				CLANG_WARN__DUPLICATE_METHOD_MATCH = YES;
				COPY_PHASE_STRIP = NO;
				DEBUG_INFORMATION_FORMAT = dwarf;
				ENABLE_STRICT_OBJC_MSGSEND = YES;
				ENABLE_TESTABILITY = YES;
				GCC_C_LANGUAGE_STANDARD = gnu11;
				GCC_DYNAMIC_NO_PIC = NO;
				GCC_NO_COMMON_BLOCKS = YES;
				GCC_OPTIMIZATION_LEVEL = 0;
				GCC_PREPROCESSOR_DEFINITIONS = (
					"DEBUG=1",
					"$(inherited)",
				);
				GCC_WARN_64_TO_32_BIT_CONVERSION = YES;
				GCC_WARN_ABOUT_RETURN_TYPE = YES_ERROR;
				GCC_WARN_UNDECLARED_SELECTOR = YES;
				GCC_WARN_UNINITIALIZED_AUTOS = YES_AGGRESSIVE;
				GCC_WARN_UNUSED_FUNCTION = YES;
				GCC_WARN_UNUSED_VARIABLE = YES;
				IPHONEOS_DEPLOYMENT_TARGET = 15.5;
				MTL_ENABLE_DEBUG_INFO = INCLUDE_SOURCE;
				MTL_FAST_MATH = YES;
				ONLY_ACTIVE_ARCH = YES;
				SDKROOT = iphoneos;
				SWIFT_ACTIVE_COMPILATION_CONDITIONS = DEBUG;
				SWIFT_OPTIMIZATION_LEVEL = "-Onone";
			};
			name = Debug;
		};
		E748C36E2845398F0075BE48 /* Release */ = {
			isa = XCBuildConfiguration;
			buildSettings = {
				ALWAYS_SEARCH_USER_PATHS = NO;
				CLANG_ANALYZER_NONNULL = YES;
				CLANG_ANALYZER_NUMBER_OBJECT_CONVERSION = YES_AGGRESSIVE;
				CLANG_CXX_LANGUAGE_STANDARD = "gnu++17";
				CLANG_ENABLE_MODULES = YES;
				CLANG_ENABLE_OBJC_ARC = YES;
				CLANG_ENABLE_OBJC_WEAK = YES;
				CLANG_WARN_BLOCK_CAPTURE_AUTORELEASING = YES;
				CLANG_WARN_BOOL_CONVERSION = YES;
				CLANG_WARN_COMMA = YES;
				CLANG_WARN_CONSTANT_CONVERSION = YES;
				CLANG_WARN_DEPRECATED_OBJC_IMPLEMENTATIONS = YES;
				CLANG_WARN_DIRECT_OBJC_ISA_USAGE = YES_ERROR;
				CLANG_WARN_DOCUMENTATION_COMMENTS = YES;
				CLANG_WARN_EMPTY_BODY = YES;
				CLANG_WARN_ENUM_CONVERSION = YES;
				CLANG_WARN_INFINITE_RECURSION = YES;
				CLANG_WARN_INT_CONVERSION = YES;
				CLANG_WARN_NON_LITERAL_NULL_CONVERSION = YES;
				CLANG_WARN_OBJC_IMPLICIT_RETAIN_SELF = YES;
				CLANG_WARN_OBJC_LITERAL_CONVERSION = YES;
				CLANG_WARN_OBJC_ROOT_CLASS = YES_ERROR;
				CLANG_WARN_QUOTED_INCLUDE_IN_FRAMEWORK_HEADER = YES;
				CLANG_WARN_RANGE_LOOP_ANALYSIS = YES;
				CLANG_WARN_STRICT_PROTOTYPES = YES;
				CLANG_WARN_SUSPICIOUS_MOVE = YES;
				CLANG_WARN_UNGUARDED_AVAILABILITY = YES_AGGRESSIVE;
				CLANG_WARN_UNREACHABLE_CODE = YES;
				CLANG_WARN__DUPLICATE_METHOD_MATCH = YES;
				COPY_PHASE_STRIP = NO;
				DEBUG_INFORMATION_FORMAT = "dwarf-with-dsym";
				ENABLE_NS_ASSERTIONS = NO;
				ENABLE_STRICT_OBJC_MSGSEND = YES;
				GCC_C_LANGUAGE_STANDARD = gnu11;
				GCC_NO_COMMON_BLOCKS = YES;
				GCC_WARN_64_TO_32_BIT_CONVERSION = YES;
				GCC_WARN_ABOUT_RETURN_TYPE = YES_ERROR;
				GCC_WARN_UNDECLARED_SELECTOR = YES;
				GCC_WARN_UNINITIALIZED_AUTOS = YES_AGGRESSIVE;
				GCC_WARN_UNUSED_FUNCTION = YES;
				GCC_WARN_UNUSED_VARIABLE = YES;
				IPHONEOS_DEPLOYMENT_TARGET = 15.5;
				MTL_ENABLE_DEBUG_INFO = NO;
				MTL_FAST_MATH = YES;
				SDKROOT = iphoneos;
				SWIFT_COMPILATION_MODE = wholemodule;
				SWIFT_OPTIMIZATION_LEVEL = "-O";
				VALIDATE_PRODUCT = YES;
			};
			name = Release;
		};
		E748C3702845398F0075BE48 /* Debug */ = {
			isa = XCBuildConfiguration;
			buildSettings = {
				ASSETCATALOG_COMPILER_APPICON_NAME = AppIcon;
				ASSETCATALOG_COMPILER_GLOBAL_ACCENT_COLOR_NAME = AccentColor;
				CODE_SIGN_STYLE = Automatic;
				CURRENT_PROJECT_VERSION = 1;
				DEVELOPMENT_TEAM = FAL2MWX6WL;
				GENERATE_INFOPLIST_FILE = YES;
				INFOPLIST_FILE = calc/Info.plist;
				INFOPLIST_KEY_UIApplicationSupportsIndirectInputEvents = YES;
				INFOPLIST_KEY_UILaunchStoryboardName = LaunchScreen;
				INFOPLIST_KEY_UIMainStoryboardFile = Main;
				INFOPLIST_KEY_UISupportedInterfaceOrientations = "UIInterfaceOrientationPortrait UIInterfaceOrientationLandscapeLeft UIInterfaceOrientationLandscapeRight";
				INFOPLIST_KEY_UISupportedInterfaceOrientations_iPad = "UIInterfaceOrientationPortrait UIInterfaceOrientationPortraitUpsideDown UIInterfaceOrientationLandscapeLeft UIInterfaceOrientationLandscapeRight";
				INFOPLIST_KEY_UISupportedInterfaceOrientations_iPhone = "UIInterfaceOrientationPortrait UIInterfaceOrientationLandscapeLeft UIInterfaceOrientationLandscapeRight";
				LD_RUNPATH_SEARCH_PATHS = (
					"$(inherited)",
					"@executable_path/Frameworks",
				);
				MARKETING_VERSION = 1.0;
				PRODUCT_BUNDLE_IDENTIFIER = com.kacper.calc;
				PRODUCT_NAME = "$(TARGET_NAME)";
				SWIFT_EMIT_LOC_STRINGS = YES;
				SWIFT_VERSION = 5.0;
				TARGETED_DEVICE_FAMILY = "1,2";
			};
			name = Debug;
		};
		E748C3712845398F0075BE48 /* Release */ = {
			isa = XCBuildConfiguration;
			buildSettings = {
				ASSETCATALOG_COMPILER_APPICON_NAME = AppIcon;
				ASSETCATALOG_COMPILER_GLOBAL_ACCENT_COLOR_NAME = AccentColor;
				CODE_SIGN_STYLE = Automatic;
				CURRENT_PROJECT_VERSION = 1;
				DEVELOPMENT_TEAM = FAL2MWX6WL;
				GENERATE_INFOPLIST_FILE = YES;
				INFOPLIST_FILE = calc/Info.plist;
				INFOPLIST_KEY_UIApplicationSupportsIndirectInputEvents = YES;
				INFOPLIST_KEY_UILaunchStoryboardName = LaunchScreen;
				INFOPLIST_KEY_UIMainStoryboardFile = Main;
				INFOPLIST_KEY_UISupportedInterfaceOrientations = "UIInterfaceOrientationPortrait UIInterfaceOrientationLandscapeLeft UIInterfaceOrientationLandscapeRight";
				INFOPLIST_KEY_UISupportedInterfaceOrientations_iPad = "UIInterfaceOrientationPortrait UIInterfaceOrientationPortraitUpsideDown UIInterfaceOrientationLandscapeLeft UIInterfaceOrientationLandscapeRight";
				INFOPLIST_KEY_UISupportedInterfaceOrientations_iPhone = "UIInterfaceOrientationPortrait UIInterfaceOrientationLandscapeLeft UIInterfaceOrientationLandscapeRight";
				LD_RUNPATH_SEARCH_PATHS = (
					"$(inherited)",
					"@executable_path/Frameworks",
				);
				MARKETING_VERSION = 1.0;
				PRODUCT_BUNDLE_IDENTIFIER = com.kacper.calc;
				PRODUCT_NAME = "$(TARGET_NAME)";
				SWIFT_EMIT_LOC_STRINGS = YES;
				SWIFT_VERSION = 5.0;
				TARGETED_DEVICE_FAMILY = "1,2";
			};
			name = Release;
		};
		E748C3732845398F0075BE48 /* Debug */ = {
			isa = XCBuildConfiguration;
			buildSettings = {
				ALWAYS_EMBED_SWIFT_STANDARD_LIBRARIES = YES;
				BUNDLE_LOADER = "$(TEST_HOST)";
				CODE_SIGN_STYLE = Automatic;
				CURRENT_PROJECT_VERSION = 1;
				DEVELOPMENT_TEAM = FAL2MWX6WL;
				GENERATE_INFOPLIST_FILE = YES;
				IPHONEOS_DEPLOYMENT_TARGET = 15.5;
				MARKETING_VERSION = 1.0;
				PRODUCT_BUNDLE_IDENTIFIER = com.kacper.calcTests;
				PRODUCT_NAME = "$(TARGET_NAME)";
				SWIFT_EMIT_LOC_STRINGS = NO;
				SWIFT_VERSION = 5.0;
				TARGETED_DEVICE_FAMILY = "1,2";
				TEST_HOST = "$(BUILT_PRODUCTS_DIR)/calc.app/calc";
			};
			name = Debug;
		};
		E748C3742845398F0075BE48 /* Release */ = {
			isa = XCBuildConfiguration;
			buildSettings = {
				ALWAYS_EMBED_SWIFT_STANDARD_LIBRARIES = YES;
				BUNDLE_LOADER = "$(TEST_HOST)";
				CODE_SIGN_STYLE = Automatic;
				CURRENT_PROJECT_VERSION = 1;
				DEVELOPMENT_TEAM = FAL2MWX6WL;
				GENERATE_INFOPLIST_FILE = YES;
				IPHONEOS_DEPLOYMENT_TARGET = 15.5;
				MARKETING_VERSION = 1.0;
				PRODUCT_BUNDLE_IDENTIFIER = com.kacper.calcTests;
				PRODUCT_NAME = "$(TARGET_NAME)";
				SWIFT_EMIT_LOC_STRINGS = NO;
				SWIFT_VERSION = 5.0;
				TARGETED_DEVICE_FAMILY = "1,2";
				TEST_HOST = "$(BUILT_PRODUCTS_DIR)/calc.app/calc";
			};
			name = Release;
		};
		E748C3762845398F0075BE48 /* Debug */ = {
			isa = XCBuildConfiguration;
			buildSettings = {
				ALWAYS_EMBED_SWIFT_STANDARD_LIBRARIES = YES;
				CODE_SIGN_STYLE = Automatic;
				CURRENT_PROJECT_VERSION = 1;
				DEVELOPMENT_TEAM = FAL2MWX6WL;
				GENERATE_INFOPLIST_FILE = YES;
				MARKETING_VERSION = 1.0;
				PRODUCT_BUNDLE_IDENTIFIER = com.kacper.calcUITests;
				PRODUCT_NAME = "$(TARGET_NAME)";
				SWIFT_EMIT_LOC_STRINGS = NO;
				SWIFT_VERSION = 5.0;
				TARGETED_DEVICE_FAMILY = "1,2";
				TEST_TARGET_NAME = calc;
			};
			name = Debug;
		};
		E748C3772845398F0075BE48 /* Release */ = {
			isa = XCBuildConfiguration;
			buildSettings = {
				ALWAYS_EMBED_SWIFT_STANDARD_LIBRARIES = YES;
				CODE_SIGN_STYLE = Automatic;
				CURRENT_PROJECT_VERSION = 1;
				DEVELOPMENT_TEAM = FAL2MWX6WL;
				GENERATE_INFOPLIST_FILE = YES;
				MARKETING_VERSION = 1.0;
				PRODUCT_BUNDLE_IDENTIFIER = com.kacper.calcUITests;
				PRODUCT_NAME = "$(TARGET_NAME)";
				SWIFT_EMIT_LOC_STRINGS = NO;
				SWIFT_VERSION = 5.0;
				TARGETED_DEVICE_FAMILY = "1,2";
				TEST_TARGET_NAME = calc;
			};
			name = Release;
		};
/* End XCBuildConfiguration section */

/* Begin XCConfigurationList section */
		E748C3402845398B0075BE48 /* Build configuration list for PBXProject "calc" */ = {
			isa = XCConfigurationList;
			buildConfigurations = (
				E748C36D2845398F0075BE48 /* Debug */,
				E748C36E2845398F0075BE48 /* Release */,
			);
			defaultConfigurationIsVisible = 0;
			defaultConfigurationName = Release;
		};
		E748C36F2845398F0075BE48 /* Build configuration list for PBXNativeTarget "calc" */ = {
			isa = XCConfigurationList;
			buildConfigurations = (
				E748C3702845398F0075BE48 /* Debug */,
				E748C3712845398F0075BE48 /* Release */,
			);
			defaultConfigurationIsVisible = 0;
			defaultConfigurationName = Release;
		};
		E748C3722845398F0075BE48 /* Build configuration list for PBXNativeTarget "calcTests" */ = {
			isa = XCConfigurationList;
			buildConfigurations = (
				E748C3732845398F0075BE48 /* Debug */,
				E748C3742845398F0075BE48 /* Release */,
			);
			defaultConfigurationIsVisible = 0;
			defaultConfigurationName = Release;
		};
		E748C3752845398F0075BE48 /* Build configuration list for PBXNativeTarget "calcUITests" */ = {
			isa = XCConfigurationList;
			buildConfigurations = (
				E748C3762845398F0075BE48 /* Debug */,
				E748C3772845398F0075BE48 /* Release */,
			);
			defaultConfigurationIsVisible = 0;
			defaultConfigurationName = Release;
		};
/* End XCConfigurationList section */
	};
	rootObject = E748C33D2845398B0075BE48 /* Project object */;
}
